
Microsoft Visual Studio Solution File, Format Version 12.00
# Visual Studio Version 17
VisualStudioVersion = 17.6.33723.286
MinimumVisualStudioVersion = 10.0.40219.1
Project("{9A19103F-16F7-4668-BE54-9A1E7A4F7556}") = "WebApplication1", "WebApplication1\WebApplication1.csproj", "{3846CA3A-17F8-46CF-9094-55807C6C9BD1}"
EndProject
Project("{9A19103F-16F7-4668-BE54-9A1E7A4F7556}") = "WebApi1", "..\WebApi1\WebApi1\WebApi1.csproj", "{19CECE64-C23A-42E1-B50B-E2DBFF39D85E}"
EndProject
Global
	GlobalSection(SolutionConfigurationPlatforms) = preSolution
		Debug|Any CPU = Debug|Any CPU
		Release|Any CPU = Release|Any CPU
	EndGlobalSection
	GlobalSection(ProjectConfigurationPlatforms) = postSolution
		{3846CA3A-17F8-46CF-9094-55807C6C9BD1}.Debug|Any CPU.ActiveCfg = Debug|Any CPU
		{3846CA3A-17F8-46CF-9094-55807C6C9BD1}.Debug|Any CPU.Build.0 = Debug|Any CPU
		{3846CA3A-17F8-46CF-9094-55807C6C9BD1}.Release|Any CPU.ActiveCfg = Release|Any CPU
		{3846CA3A-17F8-46CF-9094-55807C6C9BD1}.Release|Any CPU.Build.0 = Release|Any CPU
		{19CECE64-C23A-42E1-B50B-E2DBFF39D85E}.Debug|Any CPU.ActiveCfg = Debug|Any CPU
		{19CECE64-C23A-42E1-B50B-E2DBFF39D85E}.Debug|Any CPU.Build.0 = Debug|Any CPU
		{19CECE64-C23A-42E1-B50B-E2DBFF39D85E}.Release|Any CPU.ActiveCfg = Release|Any CPU
		{19CECE64-C23A-42E1-B50B-E2DBFF39D85E}.Release|Any CPU.Build.0 = Release|Any CPU
	EndGlobalSection
	GlobalSection(SolutionProperties) = preSolution
		HideSolutionNode = FALSE
	EndGlobalSection
	GlobalSection(ExtensibilityGlobals) = postSolution
		SolutionGuid = {E8C736B9-EE43-4F8D-9CC9-BFDEF42F504E}
	EndGlobalSection
EndGlobal
