
Microsoft Visual Studio Solution File, Format Version 12.00
# Visual Studio Version 17
VisualStudioVersion = 17.6.33723.286
MinimumVisualStudioVersion = 10.0.40219.1
Project("{FAE04EC0-301F-11D3-BF4B-00C04F79EFBC}") = "WebApi1", "WebApi1\WebApi1.csproj", "{AA901250-D1D6-46BC-BBEE-E458D1725458}"
EndProject
Global
	GlobalSection(SolutionConfigurationPlatforms) = preSolution
		Debug|Any CPU = Debug|Any CPU
		Release|Any CPU = Release|Any CPU
	EndGlobalSection
	GlobalSection(ProjectConfigurationPlatforms) = postSolution
		{AA901250-D1D6-46BC-BBEE-E458D1725458}.Debug|Any CPU.ActiveCfg = Debug|Any CPU
		{AA901250-D1D6-46BC-BBEE-E458D1725458}.Debug|Any CPU.Build.0 = Debug|Any CPU
		{AA901250-D1D6-46BC-BBEE-E458D1725458}.Release|Any CPU.ActiveCfg = Release|Any CPU
		{AA901250-D1D6-46BC-BBEE-E458D1725458}.Release|Any CPU.Build.0 = Release|Any CPU
	EndGlobalSection
	GlobalSection(SolutionProperties) = preSolution
		HideSolutionNode = FALSE
	EndGlobalSection
	GlobalSection(ExtensibilityGlobals) = postSolution
		SolutionGuid = {DAD50513-F53D-441D-B3D8-F8DFCFE917E9}
	EndGlobalSection
EndGlobal
